
Microsoft Visual Studio Solution File, Format Version 12.00
# Visual Studio Version 17
VisualStudioVersion = 17.1.32210.238
MinimumVisualStudioVersion = 10.0.40219.1
Project("{2150E333-8FDC-42A3-9474-1A3956D46DE8}") = "Solution Items", "Solution Items", "{133F2D3C-0B0A-4D5E-BF57-558757AC003F}"
	ProjectSection(SolutionItems) = preProject
		.editorconfig = .editorconfig
	EndProjectSection
EndProject
Project("{9A19103F-16F7-4668-BE54-9A1E7A4F7556}") = "Ages", "Anothe One\Ages.csproj", "{7490D3A5-7B2F-48FC-8F2A-285DA8DAEDA0}"
EndProject
Project("{FAE04EC0-301F-11D3-BF4B-00C04F79EFBC}") = "Division", "Devision\Division.csproj", "{BAEB350D-F194-4A30-974D-CB25CA8A8EA1}"
EndProject
Project("{FAE04EC0-301F-11D3-BF4B-00C04F79EFBC}") = "Vacation", "Vacation\Vacation.csproj", "{C6DC1F58-54E8-4E57-AE78-830AC0D75165}"
EndProject
Project("{FAE04EC0-301F-11D3-BF4B-00C04F79EFBC}") = "Print and Sum", "Print and Sum\Print and Sum.csproj", "{7B723AB8-1C2E-4BC6-9389-FCABA93E8B5F}"
EndProject
Project("{FAE04EC0-301F-11D3-BF4B-00C04F79EFBC}") = "Login", "Login\Login.csproj", "{7BC73536-0EC6-4D59-BDA2-75CCC951491D}"
EndProject
Global
	GlobalSection(SolutionConfigurationPlatforms) = preSolution
		Debug|Any CPU = Debug|Any CPU
		Release|Any CPU = Release|Any CPU
	EndGlobalSection
	GlobalSection(ProjectConfigurationPlatforms) = postSolution
		{7490D3A5-7B2F-48FC-8F2A-285DA8DAEDA0}.Debug|Any CPU.ActiveCfg = Debug|Any CPU
		{7490D3A5-7B2F-48FC-8F2A-285DA8DAEDA0}.Debug|Any CPU.Build.0 = Debug|Any CPU
		{7490D3A5-7B2F-48FC-8F2A-285DA8DAEDA0}.Release|Any CPU.ActiveCfg = Release|Any CPU
		{7490D3A5-7B2F-48FC-8F2A-285DA8DAEDA0}.Release|Any CPU.Build.0 = Release|Any CPU
		{BAEB350D-F194-4A30-974D-CB25CA8A8EA1}.Debug|Any CPU.ActiveCfg = Debug|Any CPU
		{BAEB350D-F194-4A30-974D-CB25CA8A8EA1}.Debug|Any CPU.Build.0 = Debug|Any CPU
		{BAEB350D-F194-4A30-974D-CB25CA8A8EA1}.Release|Any CPU.ActiveCfg = Release|Any CPU
		{BAEB350D-F194-4A30-974D-CB25CA8A8EA1}.Release|Any CPU.Build.0 = Release|Any CPU
		{C6DC1F58-54E8-4E57-AE78-830AC0D75165}.Debug|Any CPU.ActiveCfg = Debug|Any CPU
		{C6DC1F58-54E8-4E57-AE78-830AC0D75165}.Debug|Any CPU.Build.0 = Debug|Any CPU
		{C6DC1F58-54E8-4E57-AE78-830AC0D75165}.Release|Any CPU.ActiveCfg = Release|Any CPU
		{C6DC1F58-54E8-4E57-AE78-830AC0D75165}.Release|Any CPU.Build.0 = Release|Any CPU
		{7B723AB8-1C2E-4BC6-9389-FCABA93E8B5F}.Debug|Any CPU.ActiveCfg = Debug|Any CPU
		{7B723AB8-1C2E-4BC6-9389-FCABA93E8B5F}.Debug|Any CPU.Build.0 = Debug|Any CPU
		{7B723AB8-1C2E-4BC6-9389-FCABA93E8B5F}.Release|Any CPU.ActiveCfg = Release|Any CPU
		{7B723AB8-1C2E-4BC6-9389-FCABA93E8B5F}.Release|Any CPU.Build.0 = Release|Any CPU
		{7BC73536-0EC6-4D59-BDA2-75CCC951491D}.Debug|Any CPU.ActiveCfg = Debug|Any CPU
		{7BC73536-0EC6-4D59-BDA2-75CCC951491D}.Debug|Any CPU.Build.0 = Debug|Any CPU
		{7BC73536-0EC6-4D59-BDA2-75CCC951491D}.Release|Any CPU.ActiveCfg = Release|Any CPU
		{7BC73536-0EC6-4D59-BDA2-75CCC951491D}.Release|Any CPU.Build.0 = Release|Any CPU
	EndGlobalSection
	GlobalSection(SolutionProperties) = preSolution
		HideSolutionNode = FALSE
	EndGlobalSection
	GlobalSection(ExtensibilityGlobals) = postSolution
		SolutionGuid = {27D68657-1CCE-40F1-A3B4-C6BF8051F0E7}
	EndGlobalSection
EndGlobal
